{
  "name": "balocco-utils",
  "version": "1.0.0",
  "lockfileVersion": 2,
  "requires": true,
  "packages": {
    "": {
      "version": "1.0.0",
      "license": "ISC",
      "dependencies": {
        "config": "^3.3.6",
        "user-agents": "^1.0.608"
      }
    },
    "node_modules/config": {
      "version": "3.3.6",
      "resolved": "https://registry.npmjs.org/config/-/config-3.3.6.tgz",
      "integrity": "sha512-Hj5916C5HFawjYJat1epbyY2PlAgLpBtDUlr0MxGLgo3p5+7kylyvnRY18PqJHgnNWXcdd0eWDemT7eYWuFgwg==",
      "dependencies": {
        "json5": "^2.1.1"
      },
      "engines": {
        "node": ">= 10.0.0"
      }
    },
    "node_modules/detect-indent": {
      "version": "6.0.0",
      "resolved": "https://registry.npmjs.org/detect-indent/-/detect-indent-6.0.0.tgz",
      "integrity": "sha512-oSyFlqaTHCItVRGK5RmrmjB+CmaMOW7IaNA/kdxqhoa6d17j/5ce9O9eWXmV/KEdRwqpQA+Vqe8a8Bsybu4YnA==",
      "engines": {
        "node": ">=8"
      }
    },
    "node_modules/docopt": {
      "version": "0.6.2",
      "resolved": "https://registry.npmjs.org/docopt/-/docopt-0.6.2.tgz",
      "integrity": "sha1-so6eIiDaXsSffqW7JKR3h0Be6xE=",
      "engines": {
        "node": ">=0.10.0"
      }
    },
    "node_modules/dot-json": {
      "version": "1.2.2",
      "resolved": "https://registry.npmjs.org/dot-json/-/dot-json-1.2.2.tgz",
      "integrity": "sha512-AKL+GsO4wSEU4LU+fAk/PqN4nQ6PB1vT3HpMiZous9xCzK5S0kh4DzfUY0EfU67jsIXLlu0ty71659N9Nmg+Tw==",
      "dependencies": {
        "detect-indent": "~6.0.0",
        "docopt": "~0.6.2",
        "underscore-keypath": "~0.0.22"
      },
      "bin": {
        "dot-json": "bin/dot-json.js"
      }
    },
    "node_modules/json5": {
      "version": "2.2.0",
      "resolved": "https://registry.npmjs.org/json5/-/json5-2.2.0.tgz",
      "integrity": "sha512-f+8cldu7X/y7RAJurMEJmdoKXGB/X550w2Nr3tTbezL6RwEE/iMcm+tZnXeoZtKuOq6ft8+CqzEkrIgx1fPoQA==",
      "dependencies": {
        "minimist": "^1.2.5"
      },
      "bin": {
        "json5": "lib/cli.js"
      },
      "engines": {
        "node": ">=6"
      }
    },
    "node_modules/lodash.clonedeep": {
      "version": "4.5.0",
      "resolved": "https://registry.npmjs.org/lodash.clonedeep/-/lodash.clonedeep-4.5.0.tgz",
      "integrity": "sha1-4j8/nE+Pvd6HJSnBBxhXoIblzO8="
    },
    "node_modules/minimist": {
      "version": "1.2.5",
      "resolved": "https://registry.npmjs.org/minimist/-/minimist-1.2.5.tgz",
      "integrity": "sha512-FM9nNUYrRBAELZQT3xeZQ7fmMOBg6nWNmJKTcgsJeaLstP/UODVpGsr5OhXhhXg6f+qtJ8uiZ+PUxkDWcgIXLw=="
    },
    "node_modules/underscore": {
      "version": "1.12.1",
      "resolved": "https://registry.npmjs.org/underscore/-/underscore-1.12.1.tgz",
      "integrity": "sha512-hEQt0+ZLDVUMhebKxL4x1BTtDY7bavVofhZ9KZ4aI26X9SRaE+Y3m83XUL1UP2jn8ynjndwCCpEHdUG+9pP1Tw=="
    },
    "node_modules/underscore-keypath": {
      "version": "0.0.22",
      "resolved": "https://registry.npmjs.org/underscore-keypath/-/underscore-keypath-0.0.22.tgz",
      "integrity": "sha1-SKUoOSu278QkvhyqVtpLX6zPJk0=",
      "dependencies": {
        "underscore": "*"
      }
    },
    "node_modules/user-agents": {
      "version": "1.0.608",
      "resolved": "https://registry.npmjs.org/user-agents/-/user-agents-1.0.608.tgz",
      "integrity": "sha512-LKdFAm/dcYLEFbapXGAZm8qAvU7onJGwoccqm2LzVDimn/Gl2v/lPAEHpadERZlcWwpWbXjov97pBdLKklkl3w==",
      "dependencies": {
        "dot-json": "^1.2.2",
        "lodash.clonedeep": "^4.5.0"
      }
    }
  },
  "dependencies": {
    "config": {
      "version": "3.3.6",
      "resolved": "https://registry.npmjs.org/config/-/config-3.3.6.tgz",
      "integrity": "sha512-Hj5916C5HFawjYJat1epbyY2PlAgLpBtDUlr0MxGLgo3p5+7kylyvnRY18PqJHgnNWXcdd0eWDemT7eYWuFgwg==",
      "requires": {
        "json5": "^2.1.1"
      }
    },
    "detect-indent": {
      "version": "6.0.0",
      "resolved": "https://registry.npmjs.org/detect-indent/-/detect-indent-6.0.0.tgz",
      "integrity": "sha512-oSyFlqaTHCItVRGK5RmrmjB+CmaMOW7IaNA/kdxqhoa6d17j/5ce9O9eWXmV/KEdRwqpQA+Vqe8a8Bsybu4YnA=="
    },
    "docopt": {
      "version": "0.6.2",
      "resolved": "https://registry.npmjs.org/docopt/-/docopt-0.6.2.tgz",
      "integrity": "sha1-so6eIiDaXsSffqW7JKR3h0Be6xE="
    },
    "dot-json": {
      "version": "1.2.2",
      "resolved": "https://registry.npmjs.org/dot-json/-/dot-json-1.2.2.tgz",
      "integrity": "sha512-AKL+GsO4wSEU4LU+fAk/PqN4nQ6PB1vT3HpMiZous9xCzK5S0kh4DzfUY0EfU67jsIXLlu0ty71659N9Nmg+Tw==",
      "requires": {
        "detect-indent": "~6.0.0",
        "docopt": "~0.6.2",
        "underscore-keypath": "~0.0.22"
      }
    },
    "json5": {
      "version": "2.2.0",
      "resolved": "https://registry.npmjs.org/json5/-/json5-2.2.0.tgz",
      "integrity": "sha512-f+8cldu7X/y7RAJurMEJmdoKXGB/X550w2Nr3tTbezL6RwEE/iMcm+tZnXeoZtKuOq6ft8+CqzEkrIgx1fPoQA==",
      "requires": {
        "minimist": "^1.2.5"
      }
    },
    "lodash.clonedeep": {
      "version": "4.5.0",
      "resolved": "https://registry.npmjs.org/lodash.clonedeep/-/lodash.clonedeep-4.5.0.tgz",
      "integrity": "sha1-4j8/nE+Pvd6HJSnBBxhXoIblzO8="
    },
    "minimist": {
      "version": "1.2.5",
      "resolved": "https://registry.npmjs.org/minimist/-/minimist-1.2.5.tgz",
      "integrity": "sha512-FM9nNUYrRBAELZQT3xeZQ7fmMOBg6nWNmJKTcgsJeaLstP/UODVpGsr5OhXhhXg6f+qtJ8uiZ+PUxkDWcgIXLw=="
    },
    "underscore": {
      "version": "1.12.1",
      "resolved": "https://registry.npmjs.org/underscore/-/underscore-1.12.1.tgz",
      "integrity": "sha512-hEQt0+ZLDVUMhebKxL4x1BTtDY7bavVofhZ9KZ4aI26X9SRaE+Y3m83XUL1UP2jn8ynjndwCCpEHdUG+9pP1Tw=="
    },
    "underscore-keypath": {
      "version": "0.0.22",
      "resolved": "https://registry.npmjs.org/underscore-keypath/-/underscore-keypath-0.0.22.tgz",
      "integrity": "sha1-SKUoOSu278QkvhyqVtpLX6zPJk0=",
      "requires": {
        "underscore": "*"
      }
    },
    "user-agents": {
      "version": "1.0.608",
      "resolved": "https://registry.npmjs.org/user-agents/-/user-agents-1.0.608.tgz",
      "integrity": "sha512-LKdFAm/dcYLEFbapXGAZm8qAvU7onJGwoccqm2LzVDimn/Gl2v/lPAEHpadERZlcWwpWbXjov97pBdLKklkl3w==",
      "requires": {
        "dot-json": "^1.2.2",
        "lodash.clonedeep": "^4.5.0"
      }
    }
  }
}
